# THIS IS AN AUTOGENERATED FILE. DO NOT EDIT THIS FILE DIRECTLY.
assets/theme.js:
  production: 2017-11-07T18:10:17-05:00   957d252c0862c8c266cee77501278483
assets/theme.scss.liquid:
  production: 2017-11-07T18:10:41-05:00   7eaf56a6ea2abc9febe13719586f98c1
config/settings_schema.json:
  production: 2017-09-19T11:40:47-04:00   d24aada33a2fb5caec08a62927226434
locales/da.json:
  production: 2017-11-07T18:10:20-05:00   e3f2463ba5a649fa41e23a0aab977464
locales/de.json:
  production: 2017-11-07T18:10:24-05:00   d24756ea4e77eec505bbe05530e14316
locales/en.default.json:
  development: 2017-11-06T16:50:43-05:00   a159595117cd7db82f064b7a03d51d5a
  production: 2017-11-07T18:10:25-05:00   a159595117cd7db82f064b7a03d51d5a
locales/es.json:
  development: 2017-11-06T16:50:43-05:00   d3f7b1a71b6d3536e85b22d7cb2bbf67
  production: 2017-11-07T18:10:28-05:00   d3f7b1a71b6d3536e85b22d7cb2bbf67
locales/fr.json:
  development: 2017-11-06T16:50:43-05:00   a17882b44f7fad1b6374750ffb6511bb
  production: 2017-11-07T18:10:35-05:00   a17882b44f7fad1b6374750ffb6511bb
locales/pt-BR.json:
  production: 2017-11-07T18:10:29-05:00   c5bb94830fb489a6c66d3705559345a4
locales/pt-PT.json:
  development: 2017-11-06T16:50:43-05:00   59ab97f50a6deb96d63b0b6358f1d709
  production: 2017-11-07T18:10:27-05:00   59ab97f50a6deb96d63b0b6358f1d709
sections/color-manager.liquid:
  development: 2017-11-07T19:07:05-05:00   6f39a5df9cb80fea8bb13e12d1036282
  production: 2017-11-07T18:10:36-05:00   6f39a5df9cb80fea8bb13e12d1036282
sections/footer.liquid:
  production: 2017-11-07T18:10:39-05:00   a8e34cbd7a09d5238e5364204082b2ba
sections/header.liquid:
  development: 2017-11-07T19:07:05-05:00   ebc243afbe124d46035a6927ab736cd7
  production: 2017-11-07T18:10:31-05:00   ebc243afbe124d46035a6927ab736cd7
sections/product.liquid:
  production: 2017-11-07T18:10:18-05:00   feaeeafda190c2f249f20cb7f5defb09
sections/slider.liquid:
  production: 2017-11-07T18:10:41-05:00   9a484f7ea014b916807fb631d337bdca
snippets/collection-grouped-by-style.liquid:
  production: 2017-11-07T18:10:23-05:00   3f05e08980d402870a402ae8e3c46784
snippets/color-link-markup.liquid:
  production: 2017-11-07T18:10:37-05:00   ac9521f1a1d871b57f3ba9107bb992df
snippets/color-set-variables.liquid:
  production: 2017-11-07T18:10:17-05:00   490b0c9e8fd63f0d425b1dd00da09612
snippets/layout-with-mega-nav.liquid:
  development: 2017-11-07T19:07:06-05:00   1bb994287af808c617b1cbfb239fbee6
  production: 2017-11-07T18:10:21-05:00   1bb994287af808c617b1cbfb239fbee6
snippets/nav-mega.liquid:
  production: 2017-11-07T18:10:42-05:00   21bac02f42169c28aae5365fb6a25076
snippets/no-blocks.liquid:
  production: 2017-11-07T18:10:21-05:00   8a329ce11a60bc47f8d3f877279e9a80
snippets/pagination.liquid:
  production: 2017-11-07T18:10:18-05:00   8d6a7789eac569c673294338072b8815
snippets/social-meta-tags.liquid:
  production: 2017-11-07T18:10:37-05:00   7b9c858b0d472b96130cf5115fb717c1
snippets/social-sharing.liquid:
  production: 2017-11-07T18:10:34-05:00   818be7e255a36cdb829a2931664608c4
snippets/ui-kit-components.liquid:
  production: 2017-11-07T18:10:25-05:00   4b87e5c96be24f1cd27554927f276560
snippets/ui-kit-palette.liquid:
  production: 2017-11-07T18:10:23-05:00   bd28a6a0d6bea2a76915f30828007b87
snippets/ui-kit-typestyles.liquid:
  development: 2017-11-07T19:07:07-05:00   21ef83e4f101849c8ea8d8e80fa593d8
  production: 2017-11-07T18:10:34-05:00   21ef83e4f101849c8ea8d8e80fa593d8
templates/404.liquid:
  production: 2017-11-07T18:10:38-05:00   dc9281134b8cd04d66ab0f141cb160d1
templates/article.liquid:
  production: 2017-11-07T18:10:38-05:00   d59e118521de0ef7016f959fd1c6032d
templates/blog.liquid:
  production: 2017-11-07T13:35:29-05:00   052be0855a97f66ae74f800f1cfa9001
templates/cart.liquid:
  production: 2017-11-07T13:35:31-05:00   5867b41588ced8b9672597c37aa72600
templates/collection.liquid:
  production: 2017-11-07T13:36:20-05:00   3a2ffc9ee500aa4c8a3ce3850a4c8696
templates/customers/account.liquid:
  production: 2017-11-07T18:10:33-05:00   54c5659b9652e947bd949151496d9aef
templates/customers/activate_account.liquid:
  production: 2017-11-07T18:10:22-05:00   c3a7592a412f439ec9e43173fb104d4a
templates/customers/addresses.liquid:
  development: 2017-11-07T19:07:06-05:00   693ca07bfc350a78c41d465af3fb5ce5
  production: 2017-11-07T18:10:28-05:00   693ca07bfc350a78c41d465af3fb5ce5
templates/customers/login.liquid:
  production: 2017-11-07T18:10:19-05:00   6d6e6560aed798e8c52f67be632830e0
templates/customers/order.liquid:
  production: 2017-11-07T18:10:29-05:00   e331f0ae92caecc2180e931728e0f68f
templates/customers/register.liquid:
  production: 2017-11-07T18:10:33-05:00   75ea5a9f527068ddb96b156d95fe04c6
templates/customers/reset_password.liquid:
  production: 2017-11-07T18:10:20-05:00   40544385e139aadeeb06f05164ba09f1
templates/gift_card.liquid:
  development: 2017-11-07T19:07:07-05:00   3b409b010e51ea9ee3f3ecd4d011eb77
  production: 2017-11-07T13:36:14-05:00   3b409b010e51ea9ee3f3ecd4d011eb77
templates/index.liquid:
  production: 2017-11-07T13:36:10-05:00   f31998069ab44a6c34c0209604ddaee8
templates/list-collections.liquid:
  production: 2017-11-07T18:10:30-05:00   5a19a24f8bc5603781eb1a8ec4134f76
templates/page.contact.liquid:
  production: 2017-11-07T18:10:19-05:00   2b3d28e55754a14e04f109c165ce9276
templates/page.liquid:
  production: 2017-11-07T13:36:03-05:00   5127b591728c61f7658a696742e7bccc
templates/page.styles.liquid:
  production: 2017-11-07T18:10:26-05:00   5e9063e3ac542e06946052249ad273f7
templates/page.ui-kit.liquid:
  development: 2017-11-07T19:07:09-05:00   d7e9cc6288e0fe215f15f5a718aaafc5
  production: 2017-11-07T18:10:35-05:00   d7e9cc6288e0fe215f15f5a718aaafc5
templates/password.liquid:
  production: 2017-11-07T18:10:26-05:00   9a182cb45c96f3b494723b6a0b83f89e
templates/product.liquid:
  development: 2017-11-07T19:07:10-05:00   19b8bf055723db8fc7526c7f53954dae
  production: 2017-11-07T13:35:55-05:00   19b8bf055723db8fc7526c7f53954dae
templates/search.liquid:
  production: 2017-11-07T18:10:31-05:00   bc8d681e09a9c137cf22bdc62d981863
