# THIS IS AN AUTOGENERATED FILE. DO NOT EDIT THIS FILE DIRECTLY.
assets/theme.js:
  development: 2017-11-08T10:15:03-05:00   40dba03225d601e3ccc9177a6683f960
assets/theme.scss.liquid:
  development: 2017-11-08T10:00:52-05:00   171aa6dd39c1f19caa76d43cfe41bf13
config/settings_data.json:
  development: 2017-11-06T16:50:38-05:00   ce13a778d1ee3667c44ec14c62d11887
config/settings_schema.json:
  development: 2017-11-06T16:50:45-05:00   501cb74e59f4446bf54a4a8b7cf5eca5
layout/gift_card.liquid:
  development: 2017-11-06T16:50:43-05:00   b58166c5e68a3ac6fc885d27b6c84eb4
layout/password.liquid:
  development: 2017-11-06T16:50:43-05:00   a3126a75f83c949db861167020c63219
layout/theme.liquid:
  development: 2017-11-06T16:50:43-05:00   666d412aa1a98e0824cfadf9db74094c
locales/da.json:
  development: 2017-11-06T16:50:43-05:00   d43654bb26fe523c78b526e335f7e916
locales/de.json:
  development: 2017-11-06T16:50:43-05:00   7bdf57e5ec3c424c630109f149f0109f
locales/en.default.json:
  development: 2017-11-06T16:50:43-05:00   1d36e0f0bded7d96fc4a01037892d4f9
locales/es.json:
  development: 2017-11-06T16:50:43-05:00   044b057ef5992ec28e16786fe8845fa6
locales/fr.json:
  development: 2017-11-06T16:50:43-05:00   cf123cf79fba16d95fcf505147b809ac
locales/pt-BR.json:
  development: 2017-11-06T16:50:43-05:00   509302a8f63e96032d836b30ba974946
locales/pt-PT.json:
  development: 2017-11-06T16:50:43-05:00   99a33c06ba89ae184f9e219b790ee817
sections/color-manager.liquid:
  development: 2017-11-08T10:00:30-05:00   35c094430b4bc3a528e07e09aac8b5f8
sections/footer.liquid:
  development: 2017-11-06T16:50:38-05:00   115c4802abfc316af2d3a3eb5c91b0fe
sections/header.liquid:
  development: 2017-11-08T10:00:31-05:00   0e99971a339666cf622a3b6955d218d0
sections/product.liquid:
  development: 2017-11-06T16:50:38-05:00   f8dcecbeecb07a0b7d9b3732c56200bf
sections/slider.liquid:
  development: 2017-11-06T16:50:38-05:00   6ecda115ef10e1e329829e9ac65c954d
snippets/collection-grouped-by-style.liquid:
  development: 2017-11-08T10:00:29-05:00   9ce988d522bacd063ab911f1128cb9c0
snippets/color-link-markup.liquid:
  development: 2017-11-08T10:00:32-05:00   403ceab96966c86562413935d384df9e
snippets/color-set-variables.liquid:
  development: 2017-11-08T10:00:33-05:00   2628ebf7f7fe6185a71edf44f5f1747c
snippets/layout-with-mega-nav.liquid:
  development: 2017-11-08T10:00:39-05:00   479c3244cc96587d1540e9ca4953a70d
snippets/nav-mega.liquid:
  development: 2017-11-06T16:50:44-05:00   377d4edeaf44a04988e8e37c9f2103a8
snippets/no-blocks.liquid:
  development: 2017-11-06T16:50:44-05:00   0cb7d758b6df0feb07ae5804b4b627fa
snippets/pagination.liquid:
  development: 2017-11-06T16:50:44-05:00   d4a467973d86f8663428ddaaaf035d12
snippets/social-meta-tags.liquid:
  development: 2017-11-06T16:50:44-05:00   312dfc487a1aa92503527dbc4a4e56b4
snippets/social-sharing.liquid:
  development: 2017-11-06T16:50:45-05:00   987f1d283ac10d7849dc69d76221e37a
snippets/ui-kit-components.liquid:
  development: 2017-11-06T16:50:45-05:00   4425093315e08ea0ea64be4daa6cabea
snippets/ui-kit-palette.liquid:
  development: 2017-11-06T16:50:45-05:00   d7530d494b64aeaf4f6c0d2e6b5ff3ce
snippets/ui-kit-typestyles.liquid:
  development: 2017-11-08T10:00:32-05:00   26c64fcb521fef5e5756ac6783fd49aa
templates/404.liquid:
  development: 2017-11-06T16:50:45-05:00   a345bd048463d3bb245873ed26a41a98
templates/article.liquid:
  development: 2017-11-06T16:50:45-05:00   fac07164de019c3ce659632f62be372c
templates/blog.liquid:
  development: 2017-11-06T16:50:45-05:00   f065707435cb6de9164f1bc67c596dc9
templates/cart.liquid:
  development: 2017-11-06T16:50:45-05:00   f927f61105d8bc9cd43f052dbc4a1e63
templates/collection.liquid:
  development: 2017-11-06T16:50:45-05:00   8c430fd39393e7fb7f9a1a7a585cc11b
templates/customers/account.liquid:
  development: 2017-11-06T16:50:45-05:00   4742bf0cc429943e699cbe9a0f528fa8
templates/customers/activate_account.liquid:
  development: 2017-11-06T16:50:45-05:00   9df448bfebd9818755cc375260469e32
templates/customers/addresses.liquid:
  development: 2017-11-08T10:00:43-05:00   3bf9b443cb0d71292ff3a1066df19ee1
templates/customers/login.liquid:
  development: 2017-11-06T16:50:45-05:00   5fb605d8eccf7d3109898209f7eb4ead
templates/customers/order.liquid:
  development: 2017-11-06T16:50:45-05:00   37f1c5cf66aa9eb9f7588988f536568d
templates/customers/register.liquid:
  development: 2017-11-06T16:50:45-05:00   5daf7cefee78a7ce0ce75aa59a64d4c3
templates/customers/reset_password.liquid:
  development: 2017-11-06T16:50:45-05:00   f6e5f6d66dacbb6fffd82fb1a6d29cd4
templates/gift_card.liquid:
  development: 2017-11-08T10:00:48-05:00   f61e2011563bbcc40f5cce50073693ab
templates/index.liquid:
  development: 2017-11-06T16:50:45-05:00   5d367b26b7bb74cda2e39835ca65ff0b
templates/list-collections.liquid:
  development: 2017-11-06T16:50:45-05:00   6abbd591b600d37e335daf0a1cd45026
templates/page.contact.liquid:
  development: 2017-11-06T16:50:45-05:00   88dad9ec10b277c434ca6ea082a70052
templates/page.liquid:
  development: 2017-11-06T16:50:45-05:00   300278d299a5171fee928f45c938cd54
templates/page.styles.liquid:
  development: 2017-11-06T16:50:45-05:00   9fb4c3208eda89312711db4cdc2773c7
templates/page.ui-kit.liquid:
  development: 2017-11-08T10:00:40-05:00   3bb382aeeab3fc4789fb08e61594cd96
templates/password.liquid:
  development: 2017-11-06T16:50:45-05:00   73bba9f7f2437720e1e1fde57b544859
templates/product.liquid:
  development: 2017-11-08T10:00:36-05:00   4fd44b8093bad2e827e58f5564520abb
templates/search.liquid:
  development: 2017-11-06T16:50:45-05:00   63801fc20846d04a1b422d5bf6d3ca45
templates/testing.liquid:
  development: 2017-11-08T10:27:19-05:00
